
Microsoft Visual Studio Solution File, Format Version 12.00
# Visual Studio 15
VisualStudioVersion = 15.0.28307.136
MinimumVisualStudioVersion = 10.0.40219.1
Project("{F2A71F9B-5D33-465A-A702-920D77279786}") = "XStopWatch", "XStopWatch\XStopWatch.fsproj", "{B8F77115-FA08-4744-B635-C9134F2AB4CC}"
EndProject
Global
	GlobalSection(SolutionConfigurationPlatforms) = preSolution
		Debug|Any CPU = Debug|Any CPU
		Release|Any CPU = Release|Any CPU
	EndGlobalSection
	GlobalSection(ProjectConfigurationPlatforms) = postSolution
		{B8F77115-FA08-4744-B635-C9134F2AB4CC}.Debug|Any CPU.ActiveCfg = Debug|Any CPU
		{B8F77115-FA08-4744-B635-C9134F2AB4CC}.Debug|Any CPU.Build.0 = Debug|Any CPU
		{B8F77115-FA08-4744-B635-C9134F2AB4CC}.Release|Any CPU.ActiveCfg = Release|Any CPU
		{B8F77115-FA08-4744-B635-C9134F2AB4CC}.Release|Any CPU.Build.0 = Release|Any CPU
	EndGlobalSection
	GlobalSection(SolutionProperties) = preSolution
		HideSolutionNode = FALSE
	EndGlobalSection
	GlobalSection(ExtensibilityGlobals) = postSolution
		SolutionGuid = {0E122713-3122-4FF8-BBB9-A749940B854F}
	EndGlobalSection
EndGlobal
